{
  "name": "yougou",
  "version": "1.0.0",
  "lockfileVersion": 2,
  "requires": true,
  "packages": {
    "": {
      "name": "yougou",
      "version": "1.0.0",
      "license": "ISC",
      "dependencies": {
        "@escook/request-miniprogram": "^0.2.1",
        "vue-router": "^3.5.4"
      }
    },
    "node_modules/@escook/request-miniprogram": {
      "version": "0.2.1",
      "resolved": "https://registry.npmmirror.com/@escook/request-miniprogram/-/request-miniprogram-0.2.1.tgz",
      "integrity": "sha512-ueWV5YsaEm/ycQZuEjMiA88GFMhfBQSjy9GrP9omy4xAQajkGTbYIlnhzsDfWzRPmRC1fKmAiKMrCVcgS+SHcQ=="
    },
    "node_modules/vue-router": {
      "version": "3.5.4",
      "resolved": "https://registry.npmmirror.com/vue-router/-/vue-router-3.5.4.tgz",
      "integrity": "sha512-x+/DLAJZv2mcQ7glH2oV9ze8uPwcI+H+GgTgTmb5I55bCgY3+vXWIsqbYUzbBSZnwFHEJku4eoaH/x98veyymQ=="
    }
  },
  "dependencies": {
    "@escook/request-miniprogram": {
      "version": "0.2.1",
      "resolved": "https://registry.npmmirror.com/@escook/request-miniprogram/-/request-miniprogram-0.2.1.tgz",
      "integrity": "sha512-ueWV5YsaEm/ycQZuEjMiA88GFMhfBQSjy9GrP9omy4xAQajkGTbYIlnhzsDfWzRPmRC1fKmAiKMrCVcgS+SHcQ=="
    },
    "vue-router": {
      "version": "3.5.4",
      "resolved": "https://registry.npmmirror.com/vue-router/-/vue-router-3.5.4.tgz",
      "integrity": "sha512-x+/DLAJZv2mcQ7glH2oV9ze8uPwcI+H+GgTgTmb5I55bCgY3+vXWIsqbYUzbBSZnwFHEJku4eoaH/x98veyymQ=="
    }
  }
}
